
Microsoft Visual Studio Solution File, Format Version 12.00
# Visual Studio Version 17
VisualStudioVersion = 17.1.32328.378
MinimumVisualStudioVersion = 10.0.40219.1
Project("{FAE04EC0-301F-11D3-BF4B-00C04F79EFBC}") = "RabbitMQ.Example", "RabbitMQ.Example\RabbitMQ.Example.csproj", "{44A73D56-CA78-484D-A6C7-10167A019383}"
EndProject
Global
	GlobalSection(SolutionConfigurationPlatforms) = preSolution
		Debug|Any CPU = Debug|Any CPU
		Release|Any CPU = Release|Any CPU
	EndGlobalSection
	GlobalSection(ProjectConfigurationPlatforms) = postSolution
		{44A73D56-CA78-484D-A6C7-10167A019383}.Debug|Any CPU.ActiveCfg = Debug|Any CPU
		{44A73D56-CA78-484D-A6C7-10167A019383}.Debug|Any CPU.Build.0 = Debug|Any CPU
		{44A73D56-CA78-484D-A6C7-10167A019383}.Release|Any CPU.ActiveCfg = Release|Any CPU
		{44A73D56-CA78-484D-A6C7-10167A019383}.Release|Any CPU.Build.0 = Release|Any CPU
	EndGlobalSection
	GlobalSection(SolutionProperties) = preSolution
		HideSolutionNode = FALSE
	EndGlobalSection
	GlobalSection(ExtensibilityGlobals) = postSolution
		SolutionGuid = {BE526CD7-05AC-4A56-8A04-6A233BBA9412}
	EndGlobalSection
EndGlobal
